
Microsoft Visual Studio Solution File, Format Version 12.00
# Visual Studio Version 17
VisualStudioVersion = 17.13.35818.85 d17.13
MinimumVisualStudioVersion = 10.0.40219.1
Project("{FAE04EC0-301F-11D3-BF4B-00C04F79EFBC}") = "ProductManagement.Api", "ProductManagement.Api\ProductManagement.Api.csproj", "{33B9955F-FF96-C40D-5D1A-8661BEDDFA5F}"
EndProject
Project("{FAE04EC0-301F-11D3-BF4B-00C04F79EFBC}") = "MongoLearn.AppHost", "MongoLearn.AppHost\MongoLearn.AppHost.csproj", "{6CDAEDB1-04BE-4E69-AA40-B90E818CEE52}"
EndProject
Project("{FAE04EC0-301F-11D3-BF4B-00C04F79EFBC}") = "MongoLearn.ServiceDefaults", "MongoLearn.ServiceDefaults\MongoLearn.ServiceDefaults.csproj", "{AE36621D-E009-5B11-CD73-6E48EDDEE0FC}"
EndProject
Global
	GlobalSection(SolutionConfigurationPlatforms) = preSolution
		Debug|Any CPU = Debug|Any CPU
		Release|Any CPU = Release|Any CPU
	EndGlobalSection
	GlobalSection(ProjectConfigurationPlatforms) = postSolution
		{33B9955F-FF96-C40D-5D1A-8661BEDDFA5F}.Debug|Any CPU.ActiveCfg = Debug|Any CPU
		{33B9955F-FF96-C40D-5D1A-8661BEDDFA5F}.Debug|Any CPU.Build.0 = Debug|Any CPU
		{33B9955F-FF96-C40D-5D1A-8661BEDDFA5F}.Release|Any CPU.ActiveCfg = Release|Any CPU
		{33B9955F-FF96-C40D-5D1A-8661BEDDFA5F}.Release|Any CPU.Build.0 = Release|Any CPU
		{6CDAEDB1-04BE-4E69-AA40-B90E818CEE52}.Debug|Any CPU.ActiveCfg = Debug|Any CPU
		{6CDAEDB1-04BE-4E69-AA40-B90E818CEE52}.Debug|Any CPU.Build.0 = Debug|Any CPU
		{6CDAEDB1-04BE-4E69-AA40-B90E818CEE52}.Release|Any CPU.ActiveCfg = Release|Any CPU
		{6CDAEDB1-04BE-4E69-AA40-B90E818CEE52}.Release|Any CPU.Build.0 = Release|Any CPU
		{AE36621D-E009-5B11-CD73-6E48EDDEE0FC}.Debug|Any CPU.ActiveCfg = Debug|Any CPU
		{AE36621D-E009-5B11-CD73-6E48EDDEE0FC}.Debug|Any CPU.Build.0 = Debug|Any CPU
		{AE36621D-E009-5B11-CD73-6E48EDDEE0FC}.Release|Any CPU.ActiveCfg = Release|Any CPU
		{AE36621D-E009-5B11-CD73-6E48EDDEE0FC}.Release|Any CPU.Build.0 = Release|Any CPU
	EndGlobalSection
	GlobalSection(SolutionProperties) = preSolution
		HideSolutionNode = FALSE
	EndGlobalSection
	GlobalSection(ExtensibilityGlobals) = postSolution
		SolutionGuid = {ADD3E0ED-FA0D-475A-8119-F24527BBA417}
	EndGlobalSection
EndGlobal
